
Microsoft Visual Studio Solution File, Format Version 12.00
# Visual Studio 15
VisualStudioVersion = 15.0.27130.2036
MinimumVisualStudioVersion = 10.0.40219.1
Project("{FAE04EC0-301F-11D3-BF4B-00C04F79EFBC}") = "DutchTreat", "DutchTreat\DutchTreat.csproj", "{33ACE8BD-5CD6-46CA-A442-86AC5B83FF88}"
EndProject
Global
	GlobalSection(SolutionConfigurationPlatforms) = preSolution
		Debug|Any CPU = Debug|Any CPU
		Release|Any CPU = Release|Any CPU
	EndGlobalSection
	GlobalSection(ProjectConfigurationPlatforms) = postSolution
		{33ACE8BD-5CD6-46CA-A442-86AC5B83FF88}.Debug|Any CPU.ActiveCfg = Debug|Any CPU
		{33ACE8BD-5CD6-46CA-A442-86AC5B83FF88}.Debug|Any CPU.Build.0 = Debug|Any CPU
		{33ACE8BD-5CD6-46CA-A442-86AC5B83FF88}.Release|Any CPU.ActiveCfg = Release|Any CPU
		{33ACE8BD-5CD6-46CA-A442-86AC5B83FF88}.Release|Any CPU.Build.0 = Release|Any CPU
	EndGlobalSection
	GlobalSection(SolutionProperties) = preSolution
		HideSolutionNode = FALSE
	EndGlobalSection
	GlobalSection(ExtensibilityGlobals) = postSolution
		SolutionGuid = {8A21D01C-120A-42A4-926E-B1265ED357C6}
	EndGlobalSection
EndGlobal
